// !$*UTF8*$!
{
	archiveVersion = 1;
	classes = {
	};
	objectVersion = 48;
	objects = {

/* Begin PBXBuildFile section */
		6D3AC4F31FAAF3E700C0BDE2 /* AppDelegate.swift in Sources */ = {isa = PBXBuildFile; fileRef = 6D3AC4F21FAAF3E700C0BDE2 /* AppDelegate.swift */; };
		6D3AC4F51FAAF3E700C0BDE2 /* ViewController.swift in Sources */ = {isa = PBXBuildFile; fileRef = 6D3AC4F41FAAF3E700C0BDE2 /* ViewController.swift */; };
		6D3AC4F81FAAF3E700C0BDE2 /* Main.storyboard in Resources */ = {isa = PBXBuildFile; fileRef = 6D3AC4F61FAAF3E700C0BDE2 /* Main.storyboard */; };
		6D3AC4FA1FAAF3E700C0BDE2 /* Assets.xcassets in Resources */ = {isa = PBXBuildFile; fileRef = 6D3AC4F91FAAF3E700C0BDE2 /* Assets.xcassets */; };
		6D3AC4FD1FAAF3E700C0BDE2 /* LaunchScreen.storyboard in Resources */ = {isa = PBXBuildFile; fileRef = 6D3AC4FB1FAAF3E700C0BDE2 /* LaunchScreen.storyboard */; };
		6D3AC50A1FAAF62000C0BDE2 /* icon@2x.png in Resources */ = {isa = PBXBuildFile; fileRef = 6D3AC5071FAAF62000C0BDE2 /* icon@2x.png */; };
		6D3AC50B1FAAF62000C0BDE2 /* icon@3x.png in Resources */ = {isa = PBXBuildFile; fileRef = 6D3AC5081FAAF62000C0BDE2 /* icon@3x.png */; };
		6D3AC50D1FAAF6C900C0BDE2 /* cat.jpeg in Resources */ = {isa = PBXBuildFile; fileRef = 6D3AC50C1FAAF6C900C0BDE2 /* cat.jpeg */; };
		6D3AC5101FAAF82200C0BDE2 /* avatar_vip@2x.png in Resources */ = {isa = PBXBuildFile; fileRef = 6D3AC50E1FAAF82100C0BDE2 /* avatar_vip@2x.png */; };
		6D3AC5111FAAF82200C0BDE2 /* avatar_vip@3x.png in Resources */ = {isa = PBXBuildFile; fileRef = 6D3AC50F1FAAF82100C0BDE2 /* avatar_vip@3x.png */; };
/* End PBXBuildFile section */

/* Begin PBXFileReference section */
		6D3AC4EF1FAAF3E700C0BDE2 /* ImagePerformanceOptimization.app */ = {isa = PBXFileReference; explicitFileType = wrapper.application; includeInIndex = 0; path = ImagePerformanceOptimization.app; sourceTree = BUILT_PRODUCTS_DIR; };
		6D3AC4F21FAAF3E700C0BDE2 /* AppDelegate.swift */ = {isa = PBXFileReference; lastKnownFileType = sourcecode.swift; path = AppDelegate.swift; sourceTree = "<group>"; };
		6D3AC4F41FAAF3E700C0BDE2 /* ViewController.swift */ = {isa = PBXFileReference; lastKnownFileType = sourcecode.swift; path = ViewController.swift; sourceTree = "<group>"; };
		6D3AC4F71FAAF3E700C0BDE2 /* Base */ = {isa = PBXFileReference; lastKnownFileType = file.storyboard; name = Base; path = Base.lproj/Main.storyboard; sourceTree = "<group>"; };
		6D3AC4F91FAAF3E700C0BDE2 /* Assets.xcassets */ = {isa = PBXFileReference; lastKnownFileType = folder.assetcatalog; path = Assets.xcassets; sourceTree = "<group>"; };
		6D3AC4FC1FAAF3E700C0BDE2 /* Base */ = {isa = PBXFileReference; lastKnownFileType = file.storyboard; name = Base; path = Base.lproj/LaunchScreen.storyboard; sourceTree = "<group>"; };
		6D3AC4FE1FAAF3E700C0BDE2 /* Info.plist */ = {isa = PBXFileReference; lastKnownFileType = text.plist.xml; path = Info.plist; sourceTree = "<group>"; };
		6D3AC5071FAAF62000C0BDE2 /* icon@2x.png */ = {isa = PBXFileReference; lastKnownFileType = image.png; path = "icon@2x.png"; sourceTree = "<group>"; };
		6D3AC5081FAAF62000C0BDE2 /* icon@3x.png */ = {isa = PBXFileReference; lastKnownFileType = image.png; path = "icon@3x.png"; sourceTree = "<group>"; };
		6D3AC50C1FAAF6C900C0BDE2 /* cat.jpeg */ = {isa = PBXFileReference; lastKnownFileType = image.jpeg; path = cat.jpeg; sourceTree = "<group>"; };
		6D3AC50E1FAAF82100C0BDE2 /* avatar_vip@2x.png */ = {isa = PBXFileReference; lastKnownFileType = image.png; path = "avatar_vip@2x.png"; sourceTree = "<group>"; };
		6D3AC50F1FAAF82100C0BDE2 /* avatar_vip@3x.png */ = {isa = PBXFileReference; lastKnownFileType = image.png; path = "avatar_vip@3x.png"; sourceTree = "<group>"; };
/* End PBXFileReference section */

/* Begin PBXFrameworksBuildPhase section */
		6D3AC4EC1FAAF3E700C0BDE2 /* Frameworks */ = {
			isa = PBXFrameworksBuildPhase;
			buildActionMask = 2147483647;
			files = (
			);
			runOnlyForDeploymentPostprocessing = 0;
		};
/* End PBXFrameworksBuildPhase section */

/* Begin PBXGroup section */
		6D3AC4E61FAAF3E700C0BDE2 = {
			isa = PBXGroup;
			children = (
				6D3AC4F11FAAF3E700C0BDE2 /* ImagePerformanceOptimization */,
				6D3AC4F01FAAF3E700C0BDE2 /* Products */,
			);
			sourceTree = "<group>";
		};
		6D3AC4F01FAAF3E700C0BDE2 /* Products */ = {
			isa = PBXGroup;
			children = (
				6D3AC4EF1FAAF3E700C0BDE2 /* ImagePerformanceOptimization.app */,
			);
			name = Products;
			sourceTree = "<group>";
		};
		6D3AC4F11FAAF3E700C0BDE2 /* ImagePerformanceOptimization */ = {
			isa = PBXGroup;
			children = (
				6D3AC5051FAAF62000C0BDE2 /* Image */,
				6D3AC4F21FAAF3E700C0BDE2 /* AppDelegate.swift */,
				6D3AC4F41FAAF3E700C0BDE2 /* ViewController.swift */,
				6D3AC4F61FAAF3E700C0BDE2 /* Main.storyboard */,
				6D3AC4F91FAAF3E700C0BDE2 /* Assets.xcassets */,
				6D3AC50E1FAAF82100C0BDE2 /* avatar_vip@2x.png */,
				6D3AC50F1FAAF82100C0BDE2 /* avatar_vip@3x.png */,
				6D3AC4FB1FAAF3E700C0BDE2 /* LaunchScreen.storyboard */,
				6D3AC4FE1FAAF3E700C0BDE2 /* Info.plist */,
			);
			path = ImagePerformanceOptimization;
			sourceTree = "<group>";
		};
		6D3AC5051FAAF62000C0BDE2 /* Image */ = {
			isa = PBXGroup;
			children = (
				6D3AC50C1FAAF6C900C0BDE2 /* cat.jpeg */,
				6D3AC5071FAAF62000C0BDE2 /* icon@2x.png */,
				6D3AC5081FAAF62000C0BDE2 /* icon@3x.png */,
			);
			path = Image;
			sourceTree = "<group>";
		};
/* End PBXGroup section */

/* Begin PBXNativeTarget section */
		6D3AC4EE1FAAF3E700C0BDE2 /* ImagePerformanceOptimization */ = {
			isa = PBXNativeTarget;
			buildConfigurationList = 6D3AC5011FAAF3E700C0BDE2 /* Build configuration list for PBXNativeTarget "ImagePerformanceOptimization" */;
			buildPhases = (
				6D3AC4EB1FAAF3E700C0BDE2 /* Sources */,
				6D3AC4EC1FAAF3E700C0BDE2 /* Frameworks */,
				6D3AC4ED1FAAF3E700C0BDE2 /* Resources */,
			);
			buildRules = (
			);
			dependencies = (
			);
			name = ImagePerformanceOptimization;
			productName = ImagePerformanceOptimization;
			productReference = 6D3AC4EF1FAAF3E700C0BDE2 /* ImagePerformanceOptimization.app */;
			productType = "com.apple.product-type.application";
		};
/* End PBXNativeTarget section */

/* Begin PBXProject section */
		6D3AC4E71FAAF3E700C0BDE2 /* Project object */ = {
			isa = PBXProject;
			attributes = {
				LastSwiftUpdateCheck = 0910;
				LastUpgradeCheck = 0910;
				ORGANIZATIONNAME = zhangzb;
				TargetAttributes = {
					6D3AC4EE1FAAF3E700C0BDE2 = {
						CreatedOnToolsVersion = 9.1;
						ProvisioningStyle = Automatic;
					};
				};
			};
			buildConfigurationList = 6D3AC4EA1FAAF3E700C0BDE2 /* Build configuration list for PBXProject "ImagePerformanceOptimization" */;
			compatibilityVersion = "Xcode 8.0";
			developmentRegion = en;
			hasScannedForEncodings = 0;
			knownRegions = (
				en,
				Base,
			);
			mainGroup = 6D3AC4E61FAAF3E700C0BDE2;
			productRefGroup = 6D3AC4F01FAAF3E700C0BDE2 /* Products */;
			projectDirPath = "";
			projectRoot = "";
			targets = (
				6D3AC4EE1FAAF3E700C0BDE2 /* ImagePerformanceOptimization */,
			);
		};
/* End PBXProject section */

/* Begin PBXResourcesBuildPhase section */
		6D3AC4ED1FAAF3E700C0BDE2 /* Resources */ = {
			isa = PBXResourcesBuildPhase;
			buildActionMask = 2147483647;
			files = (
				6D3AC4FD1FAAF3E700C0BDE2 /* LaunchScreen.storyboard in Resources */,
				6D3AC4FA1FAAF3E700C0BDE2 /* Assets.xcassets in Resources */,
				6D3AC5101FAAF82200C0BDE2 /* avatar_vip@2x.png in Resources */,
				6D3AC50D1FAAF6C900C0BDE2 /* cat.jpeg in Resources */,
				6D3AC5111FAAF82200C0BDE2 /* avatar_vip@3x.png in Resources */,
				6D3AC50B1FAAF62000C0BDE2 /* icon@3x.png in Resources */,
				6D3AC4F81FAAF3E700C0BDE2 /* Main.storyboard in Resources */,
				6D3AC50A1FAAF62000C0BDE2 /* icon@2x.png in Resources */,
			);
			runOnlyForDeploymentPostprocessing = 0;
		};
/* End PBXResourcesBuildPhase section */

/* Begin PBXSourcesBuildPhase section */
		6D3AC4EB1FAAF3E700C0BDE2 /* Sources */ = {
			isa = PBXSourcesBuildPhase;
			buildActionMask = 2147483647;
			files = (
				6D3AC4F51FAAF3E700C0BDE2 /* ViewController.swift in Sources */,
				6D3AC4F31FAAF3E700C0BDE2 /* AppDelegate.swift in Sources */,
			);
			runOnlyForDeploymentPostprocessing = 0;
		};
/* End PBXSourcesBuildPhase section */

/* Begin PBXVariantGroup section */
		6D3AC4F61FAAF3E700C0BDE2 /* Main.storyboard */ = {
			isa = PBXVariantGroup;
			children = (
				6D3AC4F71FAAF3E700C0BDE2 /* Base */,
			);
			name = Main.storyboard;
			sourceTree = "<group>";
		};
		6D3AC4FB1FAAF3E700C0BDE2 /* LaunchScreen.storyboard */ = {
			isa = PBXVariantGroup;
			children = (
				6D3AC4FC1FAAF3E700C0BDE2 /* Base */,
			);
			name = LaunchScreen.storyboard;
			sourceTree = "<group>";
		};
/* End PBXVariantGroup section */

/* Begin XCBuildConfiguration section */
		6D3AC4FF1FAAF3E700C0BDE2 /* Debug */ = {
			isa = XCBuildConfiguration;
			buildSettings = {
				ALWAYS_SEARCH_USER_PATHS = NO;
				CLANG_ANALYZER_NONNULL = YES;
				CLANG_ANALYZER_NUMBER_OBJECT_CONVERSION = YES_AGGRESSIVE;
				CLANG_CXX_LANGUAGE_STANDARD = "gnu++14";
				CLANG_CXX_LIBRARY = "libc++";
				CLANG_ENABLE_MODULES = YES;
				CLANG_ENABLE_OBJC_ARC = YES;
				CLANG_WARN_BLOCK_CAPTURE_AUTORELEASING = YES;
				CLANG_WARN_BOOL_CONVERSION = YES;
				CLANG_WARN_COMMA = YES;
				CLANG_WARN_CONSTANT_CONVERSION = YES;
				CLANG_WARN_DIRECT_OBJC_ISA_USAGE = YES_ERROR;
				CLANG_WARN_DOCUMENTATION_COMMENTS = YES;
				CLANG_WARN_EMPTY_BODY = YES;
				CLANG_WARN_ENUM_CONVERSION = YES;
				CLANG_WARN_INFINITE_RECURSION = YES;
				CLANG_WARN_INT_CONVERSION = YES;
				CLANG_WARN_NON_LITERAL_NULL_CONVERSION = YES;
				CLANG_WARN_OBJC_LITERAL_CONVERSION = YES;
				CLANG_WARN_OBJC_ROOT_CLASS = YES_ERROR;
				CLANG_WARN_RANGE_LOOP_ANALYSIS = YES;
				CLANG_WARN_STRICT_PROTOTYPES = YES;
				CLANG_WARN_SUSPICIOUS_MOVE = YES;
				CLANG_WARN_UNGUARDED_AVAILABILITY = YES_AGGRESSIVE;
				CLANG_WARN_UNREACHABLE_CODE = YES;
				CLANG_WARN__DUPLICATE_METHOD_MATCH = YES;
				CODE_SIGN_IDENTITY = "iPhone Developer";
				COPY_PHASE_STRIP = NO;
				DEBUG_INFORMATION_FORMAT = dwarf;
				ENABLE_STRICT_OBJC_MSGSEND = YES;
				ENABLE_TESTABILITY = YES;
				GCC_C_LANGUAGE_STANDARD = gnu11;
				GCC_DYNAMIC_NO_PIC = NO;
				GCC_NO_COMMON_BLOCKS = YES;
				GCC_OPTIMIZATION_LEVEL = 0;
				GCC_PREPROCESSOR_DEFINITIONS = (
					"DEBUG=1",
					"$(inherited)",
				);
				GCC_WARN_64_TO_32_BIT_CONVERSION = YES;
				GCC_WARN_ABOUT_RETURN_TYPE = YES_ERROR;
				GCC_WARN_UNDECLARED_SELECTOR = YES;
				GCC_WARN_UNINITIALIZED_AUTOS = YES_AGGRESSIVE;
				GCC_WARN_UNUSED_FUNCTION = YES;
				GCC_WARN_UNUSED_VARIABLE = YES;
				IPHONEOS_DEPLOYMENT_TARGET = 11.1;
				MTL_ENABLE_DEBUG_INFO = YES;
				ONLY_ACTIVE_ARCH = YES;
				SDKROOT = iphoneos;
				SWIFT_ACTIVE_COMPILATION_CONDITIONS = DEBUG;
				SWIFT_OPTIMIZATION_LEVEL = "-Onone";
			};
			name = Debug;
		};
		6D3AC5001FAAF3E700C0BDE2 /* Release */ = {
			isa = XCBuildConfiguration;
			buildSettings = {
				ALWAYS_SEARCH_USER_PATHS = NO;
				CLANG_ANALYZER_NONNULL = YES;
				CLANG_ANALYZER_NUMBER_OBJECT_CONVERSION = YES_AGGRESSIVE;
				CLANG_CXX_LANGUAGE_STANDARD = "gnu++14";
				CLANG_CXX_LIBRARY = "libc++";
				CLANG_ENABLE_MODULES = YES;
				CLANG_ENABLE_OBJC_ARC = YES;
				CLANG_WARN_BLOCK_CAPTURE_AUTORELEASING = YES;
				CLANG_WARN_BOOL_CONVERSION = YES;
				CLANG_WARN_COMMA = YES;
				CLANG_WARN_CONSTANT_CONVERSION = YES;
				CLANG_WARN_DIRECT_OBJC_ISA_USAGE = YES_ERROR;
				CLANG_WARN_DOCUMENTATION_COMMENTS = YES;
				CLANG_WARN_EMPTY_BODY = YES;
				CLANG_WARN_ENUM_CONVERSION = YES;
				CLANG_WARN_INFINITE_RECURSION = YES;
				CLANG_WARN_INT_CONVERSION = YES;
				CLANG_WARN_NON_LITERAL_NULL_CONVERSION = YES;
				CLANG_WARN_OBJC_LITERAL_CONVERSION = YES;
				CLANG_WARN_OBJC_ROOT_CLASS = YES_ERROR;
				CLANG_WARN_RANGE_LOOP_ANALYSIS = YES;
				CLANG_WARN_STRICT_PROTOTYPES = YES;
				CLANG_WARN_SUSPICIOUS_MOVE = YES;
				CLANG_WARN_UNGUARDED_AVAILABILITY = YES_AGGRESSIVE;
				CLANG_WARN_UNREACHABLE_CODE = YES;
				CLANG_WARN__DUPLICATE_METHOD_MATCH = YES;
				CODE_SIGN_IDENTITY = "iPhone Developer";
				COPY_PHASE_STRIP = NO;
				DEBUG_INFORMATION_FORMAT = "dwarf-with-dsym";
				ENABLE_NS_ASSERTIONS = NO;
				ENABLE_STRICT_OBJC_MSGSEND = YES;
				GCC_C_LANGUAGE_STANDARD = gnu11;
				GCC_NO_COMMON_BLOCKS = YES;
				GCC_WARN_64_TO_32_BIT_CONVERSION = YES;
				GCC_WARN_ABOUT_RETURN_TYPE = YES_ERROR;
				GCC_WARN_UNDECLARED_SELECTOR = YES;
				GCC_WARN_UNINITIALIZED_AUTOS = YES_AGGRESSIVE;
				GCC_WARN_UNUSED_FUNCTION = YES;
				GCC_WARN_UNUSED_VARIABLE = YES;
				IPHONEOS_DEPLOYMENT_TARGET = 11.1;
				MTL_ENABLE_DEBUG_INFO = NO;
				SDKROOT = iphoneos;
				SWIFT_OPTIMIZATION_LEVEL = "-Owholemodule";
				VALIDATE_PRODUCT = YES;
			};
			name = Release;
		};
		6D3AC5021FAAF3E700C0BDE2 /* Debug */ = {
			isa = XCBuildConfiguration;
			buildSettings = {
				ASSETCATALOG_COMPILER_APPICON_NAME = AppIcon;
				CODE_SIGN_STYLE = Automatic;
				DEVELOPMENT_TEAM = Y5WX43KK4M;
				INFOPLIST_FILE = ImagePerformanceOptimization/Info.plist;
				LD_RUNPATH_SEARCH_PATHS = "$(inherited) @executable_path/Frameworks";
				PRODUCT_BUNDLE_IDENTIFIER = com.zzb.ezss.ImagePerformanceOptimization;
				PRODUCT_NAME = "$(TARGET_NAME)";
				SWIFT_VERSION = 4.0;
				TARGETED_DEVICE_FAMILY = "1,2";
			};
			name = Debug;
		};
		6D3AC5031FAAF3E700C0BDE2 /* Release */ = {
			isa = XCBuildConfiguration;
			buildSettings = {
				ASSETCATALOG_COMPILER_APPICON_NAME = AppIcon;
				CODE_SIGN_STYLE = Automatic;
				DEVELOPMENT_TEAM = Y5WX43KK4M;
				INFOPLIST_FILE = ImagePerformanceOptimization/Info.plist;
				LD_RUNPATH_SEARCH_PATHS = "$(inherited) @executable_path/Frameworks";
				PRODUCT_BUNDLE_IDENTIFIER = com.zzb.ezss.ImagePerformanceOptimization;
				PRODUCT_NAME = "$(TARGET_NAME)";
				SWIFT_VERSION = 4.0;
				TARGETED_DEVICE_FAMILY = "1,2";
			};
			name = Release;
		};
/* End XCBuildConfiguration section */

/* Begin XCConfigurationList section */
		6D3AC4EA1FAAF3E700C0BDE2 /* Build configuration list for PBXProject "ImagePerformanceOptimization" */ = {
			isa = XCConfigurationList;
			buildConfigurations = (
				6D3AC4FF1FAAF3E700C0BDE2 /* Debug */,
				6D3AC5001FAAF3E700C0BDE2 /* Release */,
			);
			defaultConfigurationIsVisible = 0;
			defaultConfigurationName = Release;
		};
		6D3AC5011FAAF3E700C0BDE2 /* Build configuration list for PBXNativeTarget "ImagePerformanceOptimization" */ = {
			isa = XCConfigurationList;
			buildConfigurations = (
				6D3AC5021FAAF3E700C0BDE2 /* Debug */,
				6D3AC5031FAAF3E700C0BDE2 /* Release */,
			);
			defaultConfigurationIsVisible = 0;
			defaultConfigurationName = Release;
		};
/* End XCConfigurationList section */
	};
	rootObject = 6D3AC4E71FAAF3E700C0BDE2 /* Project object */;
}
